
Microsoft Visual Studio Solution File, Format Version 12.00
# Visual Studio 15
VisualStudioVersion = 15.0.26403.7
MinimumVisualStudioVersion = 10.0.40219.1
Project("{FAE04EC0-301F-11D3-BF4B-00C04F79EFBC}") = "operatoroverloading", "operatoroverloading\operatoroverloading.csproj", "{613C3DF4-E363-494F-9673-6FD49E445EAB}"
EndProject
Global
	GlobalSection(SolutionConfigurationPlatforms) = preSolution
		Debug|Any CPU = Debug|Any CPU
		Release|Any CPU = Release|Any CPU
	EndGlobalSection
	GlobalSection(ProjectConfigurationPlatforms) = postSolution
		{613C3DF4-E363-494F-9673-6FD49E445EAB}.Debug|Any CPU.ActiveCfg = Debug|Any CPU
		{613C3DF4-E363-494F-9673-6FD49E445EAB}.Debug|Any CPU.Build.0 = Debug|Any CPU
		{613C3DF4-E363-494F-9673-6FD49E445EAB}.Release|Any CPU.ActiveCfg = Release|Any CPU
		{613C3DF4-E363-494F-9673-6FD49E445EAB}.Release|Any CPU.Build.0 = Release|Any CPU
	EndGlobalSection
	GlobalSection(SolutionProperties) = preSolution
		HideSolutionNode = FALSE
	EndGlobalSection
EndGlobal
