
Microsoft Visual Studio Solution File, Format Version 12.00
# Visual Studio 15
VisualStudioVersion = 15.0.27130.2003
MinimumVisualStudioVersion = 10.0.40219.1
Project("{FAE04EC0-301F-11D3-BF4B-00C04F79EFBC}") = "MyThread", "MyThread\MyThread.csproj", "{206BD4E1-2978-49F6-A862-6EF3FB8F7D2C}"
EndProject
Global
	GlobalSection(SolutionConfigurationPlatforms) = preSolution
		Debug|Any CPU = Debug|Any CPU
		Release|Any CPU = Release|Any CPU
	EndGlobalSection
	GlobalSection(ProjectConfigurationPlatforms) = postSolution
		{206BD4E1-2978-49F6-A862-6EF3FB8F7D2C}.Debug|Any CPU.ActiveCfg = Debug|Any CPU
		{206BD4E1-2978-49F6-A862-6EF3FB8F7D2C}.Debug|Any CPU.Build.0 = Debug|Any CPU
		{206BD4E1-2978-49F6-A862-6EF3FB8F7D2C}.Release|Any CPU.ActiveCfg = Release|Any CPU
		{206BD4E1-2978-49F6-A862-6EF3FB8F7D2C}.Release|Any CPU.Build.0 = Release|Any CPU
	EndGlobalSection
	GlobalSection(SolutionProperties) = preSolution
		HideSolutionNode = FALSE
	EndGlobalSection
	GlobalSection(ExtensibilityGlobals) = postSolution
		SolutionGuid = {64D80C30-0931-4B05-84F9-8B5201638059}
	EndGlobalSection
EndGlobal
