
Microsoft Visual Studio Solution File, Format Version 12.00
# Visual Studio 15
VisualStudioVersion = 15.0.27130.2003
MinimumVisualStudioVersion = 10.0.40219.1
Project("{FAE04EC0-301F-11D3-BF4B-00C04F79EFBC}") = "ReviewEvent", "ReviewEvent\ReviewEvent.csproj", "{2659B65F-65CF-4AB2-AC10-51D51519ADBD}"
EndProject
Global
	GlobalSection(SolutionConfigurationPlatforms) = preSolution
		Debug|Any CPU = Debug|Any CPU
		Release|Any CPU = Release|Any CPU
	EndGlobalSection
	GlobalSection(ProjectConfigurationPlatforms) = postSolution
		{2659B65F-65CF-4AB2-AC10-51D51519ADBD}.Debug|Any CPU.ActiveCfg = Debug|Any CPU
		{2659B65F-65CF-4AB2-AC10-51D51519ADBD}.Debug|Any CPU.Build.0 = Debug|Any CPU
		{2659B65F-65CF-4AB2-AC10-51D51519ADBD}.Release|Any CPU.ActiveCfg = Release|Any CPU
		{2659B65F-65CF-4AB2-AC10-51D51519ADBD}.Release|Any CPU.Build.0 = Release|Any CPU
	EndGlobalSection
	GlobalSection(SolutionProperties) = preSolution
		HideSolutionNode = FALSE
	EndGlobalSection
	GlobalSection(ExtensibilityGlobals) = postSolution
		SolutionGuid = {238FBCE9-48F1-4D19-99FE-C938DD14686A}
	EndGlobalSection
EndGlobal
