
Microsoft Visual Studio Solution File, Format Version 12.00
# Visual Studio 15
VisualStudioVersion = 15.0.27130.2003
MinimumVisualStudioVersion = 10.0.40219.1
Project("{FAE04EC0-301F-11D3-BF4B-00C04F79EFBC}") = "MyThreadReview", "MyThreadReview\MyThreadReview.csproj", "{F34031CB-71D2-4C90-9196-C004BA2014C2}"
EndProject
Global
	GlobalSection(SolutionConfigurationPlatforms) = preSolution
		Debug|Any CPU = Debug|Any CPU
		Release|Any CPU = Release|Any CPU
	EndGlobalSection
	GlobalSection(ProjectConfigurationPlatforms) = postSolution
		{F34031CB-71D2-4C90-9196-C004BA2014C2}.Debug|Any CPU.ActiveCfg = Debug|Any CPU
		{F34031CB-71D2-4C90-9196-C004BA2014C2}.Debug|Any CPU.Build.0 = Debug|Any CPU
		{F34031CB-71D2-4C90-9196-C004BA2014C2}.Release|Any CPU.ActiveCfg = Release|Any CPU
		{F34031CB-71D2-4C90-9196-C004BA2014C2}.Release|Any CPU.Build.0 = Release|Any CPU
	EndGlobalSection
	GlobalSection(SolutionProperties) = preSolution
		HideSolutionNode = FALSE
	EndGlobalSection
	GlobalSection(ExtensibilityGlobals) = postSolution
		SolutionGuid = {A0730011-8653-4947-AC98-62056575F405}
	EndGlobalSection
EndGlobal
